
Microsoft Visual Studio Solution File, Format Version 12.00
# Visual Studio Version 17
VisualStudioVersion = 17.11.35327.3
MinimumVisualStudioVersion = 10.0.40219.1
Project("{FAE04EC0-301F-11D3-BF4B-00C04F79EFBC}") = "NESEmulatorWPF", "NESEmulatorWPF.csproj", "{4063F6F8-2389-43E8-919D-7ECDA63877E1}"
EndProject
Global
	GlobalSection(SolutionConfigurationPlatforms) = preSolution
		Debug|Any CPU = Debug|Any CPU
		Release|Any CPU = Release|Any CPU
	EndGlobalSection
	GlobalSection(ProjectConfigurationPlatforms) = postSolution
		{4063F6F8-2389-43E8-919D-7ECDA63877E1}.Debug|Any CPU.ActiveCfg = Debug|Any CPU
		{4063F6F8-2389-43E8-919D-7ECDA63877E1}.Debug|Any CPU.Build.0 = Debug|Any CPU
		{4063F6F8-2389-43E8-919D-7ECDA63877E1}.Release|Any CPU.ActiveCfg = Release|Any CPU
		{4063F6F8-2389-43E8-919D-7ECDA63877E1}.Release|Any CPU.Build.0 = Release|Any CPU
	EndGlobalSection
	GlobalSection(SolutionProperties) = preSolution
		HideSolutionNode = FALSE
	EndGlobalSection
	GlobalSection(ExtensibilityGlobals) = postSolution
		SolutionGuid = {79F1D3B2-3FB4-43A7-8CA6-F57C0573F7A8}
	EndGlobalSection
EndGlobal
